
Microsoft Visual Studio Solution File, Format Version 12.00
# Visual Studio Version 17
VisualStudioVersion = 17.0.31903.59
MinimumVisualStudioVersion = 10.0.40219.1
Project("{2150E333-8FDC-42A3-9474-1A3956D46DE8}") = "src", "src", "{827E0CD3-B72D-47B6-A68D-7590B98EB39B}"
EndProject
Project("{FAE04EC0-301F-11D3-BF4B-00C04F79EFBC}") = "Model2Vec.Net", "src\Model2Vec.Net\Model2Vec.Net.csproj", "{CC0BAA29-4F82-4E75-8FBD-3949FD4B5BE8}"
EndProject
Project("{2150E333-8FDC-42A3-9474-1A3956D46DE8}") = "tests", "tests", "{0AB3BF05-4346-4AA6-1389-037BE0695223}"
EndProject
Project("{FAE04EC0-301F-11D3-BF4B-00C04F79EFBC}") = "Model2Vec.Net.Tests", "tests\Model2Vec.Net.Tests\Model2Vec.Net.Tests.csproj", "{ECBC7297-F925-4A55-927F-3BD589563F3B}"
EndProject
Project("{2150E333-8FDC-42A3-9474-1A3956D46DE8}") = "bench", "bench", "{760AB15A-8938-8D9B-BEDE-5CE1484B84C3}"
EndProject
Project("{FAE04EC0-301F-11D3-BF4B-00C04F79EFBC}") = "Model2Vec.Net.Benchmarks", "bench\Model2Vec.Net.Benchmarks\Model2Vec.Net.Benchmarks.csproj", "{51D38E28-050A-407A-9149-FD91EBAC55F1}"
EndProject
Global
	GlobalSection(SolutionConfigurationPlatforms) = preSolution
		Debug|Any CPU = Debug|Any CPU
		Debug|x64 = Debug|x64
		Debug|x86 = Debug|x86
		Release|Any CPU = Release|Any CPU
		Release|x64 = Release|x64
		Release|x86 = Release|x86
	EndGlobalSection
	GlobalSection(ProjectConfigurationPlatforms) = postSolution
		{CC0BAA29-4F82-4E75-8FBD-3949FD4B5BE8}.Debug|Any CPU.ActiveCfg = Debug|Any CPU
		{CC0BAA29-4F82-4E75-8FBD-3949FD4B5BE8}.Debug|Any CPU.Build.0 = Debug|Any CPU
		{CC0BAA29-4F82-4E75-8FBD-3949FD4B5BE8}.Debug|x64.ActiveCfg = Debug|Any CPU
		{CC0BAA29-4F82-4E75-8FBD-3949FD4B5BE8}.Debug|x64.Build.0 = Debug|Any CPU
		{CC0BAA29-4F82-4E75-8FBD-3949FD4B5BE8}.Debug|x86.ActiveCfg = Debug|Any CPU
		{CC0BAA29-4F82-4E75-8FBD-3949FD4B5BE8}.Debug|x86.Build.0 = Debug|Any CPU
		{CC0BAA29-4F82-4E75-8FBD-3949FD4B5BE8}.Release|Any CPU.ActiveCfg = Release|Any CPU
		{CC0BAA29-4F82-4E75-8FBD-3949FD4B5BE8}.Release|Any CPU.Build.0 = Release|Any CPU
		{CC0BAA29-4F82-4E75-8FBD-3949FD4B5BE8}.Release|x64.ActiveCfg = Release|Any CPU
		{CC0BAA29-4F82-4E75-8FBD-3949FD4B5BE8}.Release|x64.Build.0 = Release|Any CPU
		{CC0BAA29-4F82-4E75-8FBD-3949FD4B5BE8}.Release|x86.ActiveCfg = Release|Any CPU
		{CC0BAA29-4F82-4E75-8FBD-3949FD4B5BE8}.Release|x86.Build.0 = Release|Any CPU
		{ECBC7297-F925-4A55-927F-3BD589563F3B}.Debug|Any CPU.ActiveCfg = Debug|Any CPU
		{ECBC7297-F925-4A55-927F-3BD589563F3B}.Debug|Any CPU.Build.0 = Debug|Any CPU
		{ECBC7297-F925-4A55-927F-3BD589563F3B}.Debug|x64.ActiveCfg = Debug|Any CPU
		{ECBC7297-F925-4A55-927F-3BD589563F3B}.Debug|x64.Build.0 = Debug|Any CPU
		{ECBC7297-F925-4A55-927F-3BD589563F3B}.Debug|x86.ActiveCfg = Debug|Any CPU
		{ECBC7297-F925-4A55-927F-3BD589563F3B}.Debug|x86.Build.0 = Debug|Any CPU
		{ECBC7297-F925-4A55-927F-3BD589563F3B}.Release|Any CPU.ActiveCfg = Release|Any CPU
		{ECBC7297-F925-4A55-927F-3BD589563F3B}.Release|Any CPU.Build.0 = Release|Any CPU
		{ECBC7297-F925-4A55-927F-3BD589563F3B}.Release|x64.ActiveCfg = Release|Any CPU
		{ECBC7297-F925-4A55-927F-3BD589563F3B}.Release|x64.Build.0 = Release|Any CPU
		{ECBC7297-F925-4A55-927F-3BD589563F3B}.Release|x86.ActiveCfg = Release|Any CPU
		{ECBC7297-F925-4A55-927F-3BD589563F3B}.Release|x86.Build.0 = Release|Any CPU
		{51D38E28-050A-407A-9149-FD91EBAC55F1}.Debug|Any CPU.ActiveCfg = Debug|Any CPU
		{51D38E28-050A-407A-9149-FD91EBAC55F1}.Debug|Any CPU.Build.0 = Debug|Any CPU
		{51D38E28-050A-407A-9149-FD91EBAC55F1}.Debug|x64.ActiveCfg = Debug|Any CPU
		{51D38E28-050A-407A-9149-FD91EBAC55F1}.Debug|x64.Build.0 = Debug|Any CPU
		{51D38E28-050A-407A-9149-FD91EBAC55F1}.Debug|x86.ActiveCfg = Debug|Any CPU
		{51D38E28-050A-407A-9149-FD91EBAC55F1}.Debug|x86.Build.0 = Debug|Any CPU
		{51D38E28-050A-407A-9149-FD91EBAC55F1}.Release|Any CPU.ActiveCfg = Release|Any CPU
		{51D38E28-050A-407A-9149-FD91EBAC55F1}.Release|Any CPU.Build.0 = Release|Any CPU
		{51D38E28-050A-407A-9149-FD91EBAC55F1}.Release|x64.ActiveCfg = Release|Any CPU
		{51D38E28-050A-407A-9149-FD91EBAC55F1}.Release|x64.Build.0 = Release|Any CPU
		{51D38E28-050A-407A-9149-FD91EBAC55F1}.Release|x86.ActiveCfg = Release|Any CPU
		{51D38E28-050A-407A-9149-FD91EBAC55F1}.Release|x86.Build.0 = Release|Any CPU
	EndGlobalSection
	GlobalSection(SolutionProperties) = preSolution
		HideSolutionNode = FALSE
	EndGlobalSection
	GlobalSection(NestedProjects) = preSolution
		{CC0BAA29-4F82-4E75-8FBD-3949FD4B5BE8} = {827E0CD3-B72D-47B6-A68D-7590B98EB39B}
		{ECBC7297-F925-4A55-927F-3BD589563F3B} = {0AB3BF05-4346-4AA6-1389-037BE0695223}
		{51D38E28-050A-407A-9149-FD91EBAC55F1} = {760AB15A-8938-8D9B-BEDE-5CE1484B84C3}
	EndGlobalSection
EndGlobal
